
Microsoft Visual Studio Solution File, Format Version 12.00
# Visual Studio Version 16
VisualStudioVersion = 16.0.29709.97
MinimumVisualStudioVersion = 10.0.40219.1
Project("{FAE04EC0-301F-11D3-BF4B-00C04F79EFBC}") = "ShowSymbols", "ShowSymbols\ShowSymbols.csproj", "{6814EE5D-7050-45B0-8149-55C35D3F9DCA}"
EndProject
Global
	GlobalSection(SolutionConfigurationPlatforms) = preSolution
		Debug|Any CPU = Debug|Any CPU
		Release|Any CPU = Release|Any CPU
	EndGlobalSection
	GlobalSection(ProjectConfigurationPlatforms) = postSolution
		{6814EE5D-7050-45B0-8149-55C35D3F9DCA}.Debug|Any CPU.ActiveCfg = Debug|Any CPU
		{6814EE5D-7050-45B0-8149-55C35D3F9DCA}.Debug|Any CPU.Build.0 = Debug|Any CPU
		{6814EE5D-7050-45B0-8149-55C35D3F9DCA}.Release|Any CPU.ActiveCfg = Release|Any CPU
		{6814EE5D-7050-45B0-8149-55C35D3F9DCA}.Release|Any CPU.Build.0 = Release|Any CPU
	EndGlobalSection
	GlobalSection(SolutionProperties) = preSolution
		HideSolutionNode = FALSE
	EndGlobalSection
	GlobalSection(ExtensibilityGlobals) = postSolution
		SolutionGuid = {E9C9DE53-C976-415A-84FD-CABBC5849613}
	EndGlobalSection
EndGlobal
